PackratFormat: 1.4
PackratVersion: 0.4.1.1
RVersion: 3.1.2
Repos: CRAN=http://cran.rstudio.com

Package: assertthat
Source: CRAN
Version: 0.1
Hash: 4b419cfdc33a3019a7f3c6f0cdea6c38

Package: barcode
Source: CRAN
Version: 1.1
Hash: fa8e864e6b668a1d82242261c01482cb
Requires: lattice

Package: BH
Source: CRAN
Version: 1.54.0-5
Hash: f6ec6d403596536b115f39d38204d571

Package: bitops
Source: CRAN
Version: 1.0-6
Hash: cb26464a8321628636b547518994c931

Package: caTools
Source: CRAN
Version: 1.17.1
Hash: bb5fdc266f716b8a289a4f92007d53e3
Requires: bitops

Package: colorspace
Source: CRAN
Version: 1.2-4
Hash: b775bd08a10f968fef582304b7c3ab9c

Package: DBI
Source: CRAN
Version: 0.3.1
Hash: 3a9e85b26ec3ab570266bccb3f9de055

Package: dichromat
Source: CRAN
Version: 2.0-0
Hash: 42be2136555fa4b6167605df56d8cd7c

Package: digest
Source: CRAN
Version: 0.6.4
Hash: e4bf0e79b15a352510aff0de905d31e2

Package: dplyr
Source: CRAN
Version: 0.3.0.2
Hash: fe299bd0940517ea4374227a73b85c6b
Requires: assertthat, BH, DBI, lazyeval, magrittr, R6, Rcpp

Package: evaluate
Source: CRAN
Version: 0.5.5
Hash: 20881970e590ee68de97a468694db7b0
Requires: stringr

Package: formatR
Source: CRAN
Version: 1.0
Hash: a90c211d7df7e61a72b8ab6c99c2e848

Package: ggplot2
Source: CRAN
Version: 1.0.0
Hash: c8bff66238347472f08b6a35608539ff
Requires: digest, gtable, MASS, plyr, proto, reshape2, scales

Package: ggvis
Source: CRAN
Version: 0.4
Hash: 2ce2827306789fe66c344b423c2f1261
Requires: assertthat, dplyr, htmltools, jsonlite, lazyeval, magrittr,
    shiny

Package: gpairs
Source: CRAN
Version: 1.2
Hash: 220e09df2b390b461689712caf0ee3be
Requires: barcode, colorspace, lattice, MASS, vcd

Package: gridExtra
Source: CRAN
Version: 0.9.1
Hash: 1cb7af8c140431ec4e99905f1d8adcc4

Package: gtable
Source: CRAN
Version: 0.1.2
Hash: 0cf4a2b54c02b35dec7e74a8ebed12a0

Package: highr
Source: CRAN
Version: 0.4
Hash: 8c77cca8556e1501621b4a5ccb7999bd

Package: htmltools
Source: CRAN
Version: 0.2.6
Hash: 2c87108d130de261ac3c468d3316ae42
Requires: digest

Package: httpuv
Source: CRAN
Version: 1.3.2
Hash: 163f7f889c45832ff6e0841c90c51845
Requires: Rcpp

Package: jsonlite
Source: CRAN
Version: 0.9.14
Hash: 1e949c7f0f926734e2ff498eddb2309a

Package: knitr
Source: CRAN
Version: 1.8
Hash: d00d7b314ca4c34f8a56ceacefb31b4f
Requires: digest, evaluate, formatR, highr, markdown, stringr

Package: labeling
Source: CRAN
Version: 0.3
Hash: 568a992912caf7eeddfb121924154047

Package: lattice
Source: CRAN
Version: 0.20-29
Hash: 17e9fe582d11197544a5ec817a80b21e

Package: lazyeval
Source: CRAN
Version: 0.1.9
Hash: 2953778d951973e2889641c06275ecf3

Package: lubridate
Source: CRAN
Version: 1.3.3
Hash: f19612b23b1b15febdf30ee920a6e7df
Requires: memoise, plyr, stringr

Package: magrittr
Source: CRAN
Version: 1.5
Hash: 38d492cf072bc9f3c73bda2aee3d0e23

Package: markdown
Source: CRAN
Version: 0.7.4
Hash: 01d7f71ed6e3d9b1c17ba51cff91be72
Requires: mime

Package: MASS
Source: CRAN
Version: 7.3-35
Hash: 2a7641e407ce2a484d5a587a4e30a9aa

Package: memoise
Source: CRAN
Version: 0.2.1
Hash: fc52fa39dfd216c44d64812ff31b1c67
Requires: digest

Package: mime
Source: CRAN
Version: 0.2
Hash: 9179db921fcb2e5be44e217042ed06bc

Package: munsell
Source: CRAN
Version: 0.4.2
Hash: fa8af6d040041439b249351e9d16ae9a
Requires: colorspace

Package: packrat
Source: CRAN
Version: 0.4.1-1
Hash: 5716097644904b9c1b4be2692de16005

Package: plyr
Source: CRAN
Version: 1.8.1
Hash: 6a287219196e18bc6261dc11b41b1ca0
Requires: Rcpp

Package: proto
Source: CRAN
Version: 0.3-10
Hash: 668a9e87cedbdc5f56c396edf1bd2648

Package: R.methodsS3
Source: CRAN
Version: 1.6.1
Hash: 88717a386d97ad2687b28a411392f570

Package: R.oo
Source: CRAN
Version: 1.18.0
Hash: 151940a7861e78ae66c157a06a81eecc
Requires: R.methodsS3

Package: R.utils
Source: CRAN
Version: 1.34.0
Hash: a4b999df68204841d24c391f0e0f76dc
Requires: R.methodsS3, R.oo

Package: R6
Source: CRAN
Version: 2.0.1
Hash: 9a3ac4e5fd8059af0fc5156bcb019bbc

Package: RColorBrewer
Source: CRAN
Version: 1.0-5
Hash: 6a849b729bec970204ca88b96906adbc

Package: Rcpp
Source: CRAN
Version: 0.11.3
Hash: d9cc0a13885961b2d004cf73b0fb68dd

Package: RCurl
Source: CRAN
Version: 1.95-4.4
Hash: 32b717e968e3151eaa5b4076267c7f0b
Requires: bitops

Package: reshape2
Source: CRAN
Version: 1.4
Hash: e50809918ebb73dff47de17d36d12975
Requires: plyr, Rcpp, stringr

Package: RJSONIO
Source: CRAN
Version: 1.3-0
Hash: 8b1341dfd547c90ed4b3365d5aa46a7b

Package: rmarkdown
Source: github
Version: 0.3.10
Hash: b96214b9ac86b437067a0aa21442203f52face83
Requires: caTools, htmltools, knitr, yaml
GithubRepo: rmarkdown
GithubUsername: rstudio
GithubRef: v0.98.1000
GithubSha1: b96214b9ac86b437067a0aa21442203f52face83

Package: scales
Source: CRAN
Version: 0.2.4
Hash: b8b1af97bd07818605223060386b00dd
Requires: dichromat, labeling, munsell, plyr, RColorBrewer

Package: shiny
Source: github
Version: 0.10.2.9003
Hash: 7a4bdb4191b98f12d952de7cae0f878716ccfed6
Requires: digest, htmltools, httpuv, mime, R6, RJSONIO, xtable
GithubRepo: shiny
GithubUsername: andeek
GithubRef: master
GithubSha1: 7a4bdb4191b98f12d952de7cae0f878716ccfed6

Package: shinyAce
Source: CRAN
Version: 0.1.0
Hash: 1788d98413751fa3c085f684058b3487
Requires: shiny

Package: stringr
Source: CRAN
Version: 0.6.2
Hash: cdde0cfa0f52cffeaca23a11a3899779

Package: vcd
Source: CRAN
Version: 1.3-2
Hash: 84c950c179b4c1782e91ebf456bf8c6d
Requires: colorspace, MASS

Package: xtable
Source: CRAN
Version: 1.7-4
Hash: 7b30b5ca6c7ae80c4f916502e3ad0237

Package: YaleToolkit
Source: CRAN
Version: 4.1
Hash: 39c96614efee7d558e741aef93e1de42
Requires: barcode, colorspace, gpairs, lattice, MASS, vcd

Package: yaml
Source: CRAN
Version: 2.1.13
Hash: e5d041c001f6d641fd009c1f6ef7d831
